
Microsoft Visual Studio Solution File, Format Version 12.00
# Visual Studio Version 16
VisualStudioVersion = 16.0.30907.101
MinimumVisualStudioVersion = 10.0.40219.1
Project("{8BC9CEB8-8B4A-11D0-8D11-00A0C91BC942}") = "5.1G", "5.1G\5.1G.vcxproj", "{4C3E5717-A97B-442C-9E6D-2F020036092F}"
EndProject
Project("{8BC9CEB8-8B4A-11D0-8D11-00A0C91BC942}") = "UnitTest1", "UnitTest1\UnitTest1.vcxproj", "{742F4E2E-77CA-45CF-BCEB-8A67C7A959C9}"
EndProject
Global
	GlobalSection(SolutionConfigurationPlatforms) = preSolution
		Debug|x64 = Debug|x64
		Debug|x86 = Debug|x86
		Release|x64 = Release|x64
		Release|x86 = Release|x86
	EndGlobalSection
	GlobalSection(ProjectConfigurationPlatforms) = postSolution
		{4C3E5717-A97B-442C-9E6D-2F020036092F}.Debug|x64.ActiveCfg = Debug|x64
		{4C3E5717-A97B-442C-9E6D-2F020036092F}.Debug|x64.Build.0 = Debug|x64
		{4C3E5717-A97B-442C-9E6D-2F020036092F}.Debug|x86.ActiveCfg = Debug|Win32
		{4C3E5717-A97B-442C-9E6D-2F020036092F}.Debug|x86.Build.0 = Debug|Win32
		{4C3E5717-A97B-442C-9E6D-2F020036092F}.Release|x64.ActiveCfg = Release|x64
		{4C3E5717-A97B-442C-9E6D-2F020036092F}.Release|x64.Build.0 = Release|x64
		{4C3E5717-A97B-442C-9E6D-2F020036092F}.Release|x86.ActiveCfg = Release|Win32
		{4C3E5717-A97B-442C-9E6D-2F020036092F}.Release|x86.Build.0 = Release|Win32
		{742F4E2E-77CA-45CF-BCEB-8A67C7A959C9}.Debug|x64.ActiveCfg = Debug|x64
		{742F4E2E-77CA-45CF-BCEB-8A67C7A959C9}.Debug|x64.Build.0 = Debug|x64
		{742F4E2E-77CA-45CF-BCEB-8A67C7A959C9}.Debug|x86.ActiveCfg = Debug|Win32
		{742F4E2E-77CA-45CF-BCEB-8A67C7A959C9}.Debug|x86.Build.0 = Debug|Win32
		{742F4E2E-77CA-45CF-BCEB-8A67C7A959C9}.Release|x64.ActiveCfg = Release|x64
		{742F4E2E-77CA-45CF-BCEB-8A67C7A959C9}.Release|x64.Build.0 = Release|x64
		{742F4E2E-77CA-45CF-BCEB-8A67C7A959C9}.Release|x86.ActiveCfg = Release|Win32
		{742F4E2E-77CA-45CF-BCEB-8A67C7A959C9}.Release|x86.Build.0 = Release|Win32
	EndGlobalSection
	GlobalSection(SolutionProperties) = preSolution
		HideSolutionNode = FALSE
	EndGlobalSection
	GlobalSection(ExtensibilityGlobals) = postSolution
		SolutionGuid = {40344503-FF92-401A-9732-7E8844288E12}
	EndGlobalSection
EndGlobal
